
Microsoft Visual Studio Solution File, Format Version 12.00
# Visual Studio Version 16
VisualStudioVersion = 16.0.30128.74
MinimumVisualStudioVersion = 10.0.40219.1
Project("{8BC9CEB8-8B4A-11D0-8D11-00A0C91BC942}") = "MatrixVectorMult", "MatrixVectorMult\MatrixVectorMult.vcxproj", "{EDDCCC88-3C04-4CD6-B6CE-AD23BBF7D810}"
EndProject
Global
	GlobalSection(SolutionConfigurationPlatforms) = preSolution
		Debug|x64 = Debug|x64
		Release|x64 = Release|x64
	EndGlobalSection
	GlobalSection(ProjectConfigurationPlatforms) = postSolution
		{EDDCCC88-3C04-4CD6-B6CE-AD23BBF7D810}.Debug|x64.ActiveCfg = Debug|x64
		{EDDCCC88-3C04-4CD6-B6CE-AD23BBF7D810}.Debug|x64.Build.0 = Debug|x64
		{EDDCCC88-3C04-4CD6-B6CE-AD23BBF7D810}.Release|x64.ActiveCfg = Release|x64
		{EDDCCC88-3C04-4CD6-B6CE-AD23BBF7D810}.Release|x64.Build.0 = Release|x64
	EndGlobalSection
	GlobalSection(SolutionProperties) = preSolution
		HideSolutionNode = FALSE
	EndGlobalSection
	GlobalSection(ExtensibilityGlobals) = postSolution
		SolutionGuid = {EECBA432-B2BA-4895-A4AA-375FBE984133}
	EndGlobalSection
EndGlobal
