
Microsoft Visual Studio Solution File, Format Version 12.00
# Visual Studio Version 16
VisualStudioVersion = 16.0.30128.74
MinimumVisualStudioVersion = 10.0.40219.1
Project("{8BC9CEB8-8B4A-11D0-8D11-00A0C91BC942}") = "colorToGreyscale", "colorToGreyscale\colorToGreyscale.vcxproj", "{6912721E-2B09-447E-B23D-F93746E32E48}"
EndProject
Global
	GlobalSection(SolutionConfigurationPlatforms) = preSolution
		Debug|x64 = Debug|x64
		Release|x64 = Release|x64
	EndGlobalSection
	GlobalSection(ProjectConfigurationPlatforms) = postSolution
		{6912721E-2B09-447E-B23D-F93746E32E48}.Debug|x64.ActiveCfg = Debug|x64
		{6912721E-2B09-447E-B23D-F93746E32E48}.Debug|x64.Build.0 = Debug|x64
		{6912721E-2B09-447E-B23D-F93746E32E48}.Release|x64.ActiveCfg = Release|x64
		{6912721E-2B09-447E-B23D-F93746E32E48}.Release|x64.Build.0 = Release|x64
	EndGlobalSection
	GlobalSection(SolutionProperties) = preSolution
		HideSolutionNode = FALSE
	EndGlobalSection
	GlobalSection(ExtensibilityGlobals) = postSolution
		SolutionGuid = {8CA85000-4343-4105-82CB-FF61A424B290}
	EndGlobalSection
EndGlobal
